[["version","1"]]
["","container.from",["docker.io/library/debian:trixie-slim","linux/amd64"],"sha256:020c0d20b9880058cbe785a9db107156c3c75c2ac944a6aa7ab59f2add76a7bd","pin"]
["","container.from",["docker.io/library/debian:trixie-slim","linux/arm64"],"sha256:020c0d20b9880058cbe785a9db107156c3c75c2ac944a6aa7ab59f2add76a7bd","pin"]
["","container.from",["ghcr.io/sagikazarmark/dang:latest","linux/arm64"],"sha256:79e26710abbb9c5822c3aa73b1570f31e3ae633c0dfc5cf94ff8e8cee5caf460","pin"]
["","git.head",["https://github.com/rustsec/advisory-db.git"],"7c7ccac53056b87f69ac677f15ea2d9a98a6f8e2","float"]
["","git.head",["https://github.com/sagikazarmark/daggerverse-beta"],"ce70590744ae32a9c2e83a7690d2d7cc4e17aef7","pin"]