[["version","1"]]
["","container.from",["docker.io/library/debian:trixie-slim","linux/arm64"],"sha256:020c0d20b9880058cbe785a9db107156c3c75c2ac944a6aa7ab59f2add76a7bd","pin"]
["","container.from",["ghcr.io/sagikazarmark/dang:latest","linux/arm64"],"sha256:5b0c46c1b4b85b275d751b2fd344daa64f1a93c0a826ea66e999a0f380dba3f8","pin"]
["","git.head",["https://github.com/rustsec/advisory-db.git"],"b5fc89b8be99e96f79194d8a6f11e9b4143b99f0","float"]
["","git.head",["https://github.com/sagikazarmark/daggerverse-beta"],"e96ac15774c610fdc1809f3baa06816756fbdabc","float"]